
Microsoft Visual Studio Solution File, Format Version 12.00
# Visual Studio Version 16
VisualStudioVersion = 16.0.29215.179
MinimumVisualStudioVersion = 10.0.40219.1
Project("{FAE04EC0-301F-11D3-BF4B-00C04F79EFBC}") = "4_6_Lab_sean", "4_6_Lab_sean\4_6_Lab_sean.csproj", "{C706CD1E-0C54-45DC-B0C7-DA62C439CE7C}"
EndProject
Global
	GlobalSection(SolutionConfigurationPlatforms) = preSolution
		Debug|Any CPU = Debug|Any CPU
		Release|Any CPU = Release|Any CPU
	EndGlobalSection
	GlobalSection(ProjectConfigurationPlatforms) = postSolution
		{C706CD1E-0C54-45DC-B0C7-DA62C439CE7C}.Debug|Any CPU.ActiveCfg = Debug|Any CPU
		{C706CD1E-0C54-45DC-B0C7-DA62C439CE7C}.Debug|Any CPU.Build.0 = Debug|Any CPU
		{C706CD1E-0C54-45DC-B0C7-DA62C439CE7C}.Release|Any CPU.ActiveCfg = Release|Any CPU
		{C706CD1E-0C54-45DC-B0C7-DA62C439CE7C}.Release|Any CPU.Build.0 = Release|Any CPU
	EndGlobalSection
	GlobalSection(SolutionProperties) = preSolution
		HideSolutionNode = FALSE
	EndGlobalSection
	GlobalSection(ExtensibilityGlobals) = postSolution
		SolutionGuid = {78D3A040-F641-4DC0-96B9-F838AC54FD07}
	EndGlobalSection
EndGlobal
